{
  "name": "tagsmith-tools",
  "lockfileVersion": 3,
  "requires": true,
  "packages": {
    "": {
      "name": "tagsmith-tools",
      "dependencies": {
        "cldr-core": "~45.0.0",
        "cldr-localenames-modern": "~45.0.0"
      }
    },
    "node_modules/cldr-core": {
      "version": "45.0.0",
      "resolved": "https://registry.npmjs.org/cldr-core/-/cldr-core-45.0.0.tgz",
      "integrity": "sha512-gQVxy3gzOQpXiTRGmlKiRQFLYimrr1RgvqGKZCS61JgmdkeNm7+LZGx+Lhw5/AW0t8WMM/uZhf4CMva6LuUobQ==",
      "license": "Unicode-3.0"
    },
    "node_modules/cldr-localenames-modern": {
      "version": "45.0.0",
      "resolved": "https://registry.npmjs.org/cldr-localenames-modern/-/cldr-localenames-modern-45.0.0.tgz",
      "integrity": "sha512-5r95nsq5LUNW2JfuZLygnHplFO2dNN66/XpD16bA1mZd/5IPIOjVf7GSin+4BF5FkvrEN+dqg6bWrIozabi4Qg==",
      "license": "Unicode-3.0",
      "peerDependencies": {
        "cldr-core": "45.0.0"
      }
    }
  }
}
